
Microsoft Visual Studio Solution File, Format Version 12.00
# Visual Studio Version 17
VisualStudioVersion = 17.8.34601.278
MinimumVisualStudioVersion = 10.0.40219.1
Project("{9A19103F-16F7-4668-BE54-9A1E7A4F7556}") = "GameLibrary", "GameLibrary.csproj", "{B9F9BD84-1393-4139-981C-C9A57B0C872F}"
EndProject
Global
	GlobalSection(SolutionConfigurationPlatforms) = preSolution
		Debug|Any CPU = Debug|Any CPU
		Release|Any CPU = Release|Any CPU
	EndGlobalSection
	GlobalSection(ProjectConfigurationPlatforms) = postSolution
		{B9F9BD84-1393-4139-981C-C9A57B0C872F}.Debug|Any CPU.ActiveCfg = Debug|Any CPU
		{B9F9BD84-1393-4139-981C-C9A57B0C872F}.Debug|Any CPU.Build.0 = Debug|Any CPU
		{B9F9BD84-1393-4139-981C-C9A57B0C872F}.Release|Any CPU.ActiveCfg = Release|Any CPU
		{B9F9BD84-1393-4139-981C-C9A57B0C872F}.Release|Any CPU.Build.0 = Release|Any CPU
	EndGlobalSection
	GlobalSection(SolutionProperties) = preSolution
		HideSolutionNode = FALSE
	EndGlobalSection
	GlobalSection(ExtensibilityGlobals) = postSolution
		SolutionGuid = {3A310C87-0A5E-4D4B-99E7-89E640DF55AC}
	EndGlobalSection
EndGlobal
